
Microsoft Visual Studio Solution File, Format Version 12.00
# Visual Studio Version 16
VisualStudioVersion = 16.0.29230.47
MinimumVisualStudioVersion = 10.0.40219.1
Project("{FAE04EC0-301F-11D3-BF4B-00C04F79EFBC}") = "dotNetMemoryScan", "dotNetMemoryScan\dotNetMemoryScan.csproj", "{87D0E88E-AADA-4391-9297-45310CD6A906}"
EndProject
Project("{FAE04EC0-301F-11D3-BF4B-00C04F79EFBC}") = "csharp_console", "example\csharp_console\csharp_console.csproj", "{80948843-A691-4A55-8300-264DCA6AF71E}"
EndProject
Project("{F184B08F-C81C-45F6-A57F-5ABD9991F28F}") = "vb_console", "example\vb_console\vb_console.vbproj", "{8AFA6731-3960-456F-893E-D0792CB6ED64}"
EndProject
Global
	GlobalSection(SolutionConfigurationPlatforms) = preSolution
		Debug|x64 = Debug|x64
		Debug|x86 = Debug|x86
		Release|x64 = Release|x64
		Release|x86 = Release|x86
	EndGlobalSection
	GlobalSection(ProjectConfigurationPlatforms) = postSolution
		{87D0E88E-AADA-4391-9297-45310CD6A906}.Debug|x64.ActiveCfg = Debug|x64
		{87D0E88E-AADA-4391-9297-45310CD6A906}.Debug|x64.Build.0 = Debug|x64
		{87D0E88E-AADA-4391-9297-45310CD6A906}.Debug|x86.ActiveCfg = Debug|x86
		{87D0E88E-AADA-4391-9297-45310CD6A906}.Debug|x86.Build.0 = Debug|x86
		{87D0E88E-AADA-4391-9297-45310CD6A906}.Release|x64.ActiveCfg = Release|x64
		{87D0E88E-AADA-4391-9297-45310CD6A906}.Release|x64.Build.0 = Release|x64
		{87D0E88E-AADA-4391-9297-45310CD6A906}.Release|x86.ActiveCfg = Release|x86
		{87D0E88E-AADA-4391-9297-45310CD6A906}.Release|x86.Build.0 = Release|x86
		{80948843-A691-4A55-8300-264DCA6AF71E}.Debug|x64.ActiveCfg = Debug|x64
		{80948843-A691-4A55-8300-264DCA6AF71E}.Debug|x64.Build.0 = Debug|x64
		{80948843-A691-4A55-8300-264DCA6AF71E}.Debug|x86.ActiveCfg = Debug|x86
		{80948843-A691-4A55-8300-264DCA6AF71E}.Debug|x86.Build.0 = Debug|x86
		{80948843-A691-4A55-8300-264DCA6AF71E}.Release|x64.ActiveCfg = Release|x64
		{80948843-A691-4A55-8300-264DCA6AF71E}.Release|x64.Build.0 = Release|x64
		{80948843-A691-4A55-8300-264DCA6AF71E}.Release|x86.ActiveCfg = Release|x86
		{80948843-A691-4A55-8300-264DCA6AF71E}.Release|x86.Build.0 = Release|x86
		{8AFA6731-3960-456F-893E-D0792CB6ED64}.Debug|x64.ActiveCfg = Debug|x64
		{8AFA6731-3960-456F-893E-D0792CB6ED64}.Debug|x64.Build.0 = Debug|x64
		{8AFA6731-3960-456F-893E-D0792CB6ED64}.Debug|x86.ActiveCfg = Debug|x86
		{8AFA6731-3960-456F-893E-D0792CB6ED64}.Debug|x86.Build.0 = Debug|x86
		{8AFA6731-3960-456F-893E-D0792CB6ED64}.Release|x64.ActiveCfg = Release|x64
		{8AFA6731-3960-456F-893E-D0792CB6ED64}.Release|x64.Build.0 = Release|x64
		{8AFA6731-3960-456F-893E-D0792CB6ED64}.Release|x86.ActiveCfg = Release|x86
		{8AFA6731-3960-456F-893E-D0792CB6ED64}.Release|x86.Build.0 = Release|x86
	EndGlobalSection
	GlobalSection(SolutionProperties) = preSolution
		HideSolutionNode = FALSE
	EndGlobalSection
	GlobalSection(ExtensibilityGlobals) = postSolution
		SolutionGuid = {94B2BC77-0EDC-45DD-8864-6494E05CB5CB}
	EndGlobalSection
EndGlobal
